
Microsoft Visual Studio Solution File, Format Version 12.00
# Visual Studio Version 16
VisualStudioVersion = 16.0.29102.190
MinimumVisualStudioVersion = 10.0.40219.1
Project("{FAE04EC0-301F-11D3-BF4B-00C04F79EFBC}") = "WebBHMais", "WebBHMais\WebBHMais.csproj", "{8BA65221-DD69-4214-950A-C99BAB249CF0}"
EndProject
Global
	GlobalSection(SolutionConfigurationPlatforms) = preSolution
		Debug|Any CPU = Debug|Any CPU
		Release|Any CPU = Release|Any CPU
	EndGlobalSection
	GlobalSection(ProjectConfigurationPlatforms) = postSolution
		{8BA65221-DD69-4214-950A-C99BAB249CF0}.Debug|Any CPU.ActiveCfg = Debug|Any CPU
		{8BA65221-DD69-4214-950A-C99BAB249CF0}.Debug|Any CPU.Build.0 = Debug|Any CPU
		{8BA65221-DD69-4214-950A-C99BAB249CF0}.Release|Any CPU.ActiveCfg = Release|Any CPU
		{8BA65221-DD69-4214-950A-C99BAB249CF0}.Release|Any CPU.Build.0 = Release|Any CPU
	EndGlobalSection
	GlobalSection(SolutionProperties) = preSolution
		HideSolutionNode = FALSE
	EndGlobalSection
	GlobalSection(ExtensibilityGlobals) = postSolution
		SolutionGuid = {37652522-7863-4B7A-93EA-5D09688411FA}
	EndGlobalSection
EndGlobal
